// !$*UTF8*$!
{
	archiveVersion = 1;
	classes = {
	};
	objectVersion = 56;
	objects = {

/* Begin PBXBuildFile section */
		1A000001 /* TypelessApp.swift in Sources */ = {isa = PBXBuildFile; fileRef = 1A000011 /* TypelessApp.swift */; };
		1A000002 /* KeyMonitor.swift in Sources */ = {isa = PBXBuildFile; fileRef = 1A000012 /* KeyMonitor.swift */; };
		1A000003 /* RecordingManager.swift in Sources */ = {isa = PBXBuildFile; fileRef = 1A000013 /* RecordingManager.swift */; };
		1A000004 /* OverlayWindow.swift in Sources */ = {isa = PBXBuildFile; fileRef = 1A000014 /* OverlayWindow.swift */; };
		1A000005 /* TextInserter.swift in Sources */ = {isa = PBXBuildFile; fileRef = 1A000015 /* TextInserter.swift */; };
		1A000006 /* SettingsView.swift in Sources */ = {isa = PBXBuildFile; fileRef = 1A000016 /* SettingsView.swift */; };
		1A000071 /* OnboardingOverlay.swift in Sources */ = {isa = PBXBuildFile; fileRef = 1A000070 /* OnboardingOverlay.swift */; };
		1A000020 /* WhisperKit in Frameworks */ = {isa = PBXBuildFile; productRef = 1A00001F /* WhisperKit */; };
		1A000030 /* AppIcon.icns in Resources */ = {isa = PBXBuildFile; fileRef = 1A000031 /* AppIcon.icns */; };
		1A000040 /* SherpaOnnxRecognizer.swift in Sources */ = {isa = PBXBuildFile; fileRef = 1A000041 /* SherpaOnnxRecognizer.swift */; };
		1A000042 /* SherpaOnnxManager.swift in Sources */ = {isa = PBXBuildFile; fileRef = 1A000043 /* SherpaOnnxManager.swift */; };
		1A000044 /* SherpaOnnxVAD.swift in Sources */ = {isa = PBXBuildFile; fileRef = 1A000045 /* SherpaOnnxVAD.swift */; };
		1A000046 /* SherpaOnnxOnlineRecognizer.swift in Sources */ = {isa = PBXBuildFile; fileRef = 1A000047 /* SherpaOnnxOnlineRecognizer.swift */; };
		1A000050 /* libsherpa-onnx-c-api.dylib in Frameworks */ = {isa = PBXBuildFile; fileRef = 1A000051 /* libsherpa-onnx-c-api.dylib */; };
		1A000052 /* libonnxruntime.1.17.1.dylib in Frameworks */ = {isa = PBXBuildFile; fileRef = 1A000053 /* libonnxruntime.1.17.1.dylib */; };
		1A000054 /* libsherpa-onnx-c-api.dylib in CopyFiles */ = {isa = PBXBuildFile; fileRef = 1A000051 /* libsherpa-onnx-c-api.dylib */; settings = {ATTRIBUTES = (CodeSignOnCopy, ); }; };
		1A000055 /* libonnxruntime.1.17.1.dylib in CopyFiles */ = {isa = PBXBuildFile; fileRef = 1A000053 /* libonnxruntime.1.17.1.dylib */; settings = {ATTRIBUTES = (CodeSignOnCopy, ); }; };
/* End PBXBuildFile section */

/* Begin PBXFileReference section */
		1A000010 /* Typeless.app */ = {isa = PBXFileReference; explicitFileType = wrapper.application; includeInIndex = 0; path = Typeless.app; sourceTree = BUILT_PRODUCTS_DIR; };
		1A000011 /* TypelessApp.swift */ = {isa = PBXFileReference; lastKnownFileType = sourcecode.swift; path = TypelessApp.swift; sourceTree = "<group>"; };
		1A000012 /* KeyMonitor.swift */ = {isa = PBXFileReference; lastKnownFileType = sourcecode.swift; path = KeyMonitor.swift; sourceTree = "<group>"; };
		1A000013 /* RecordingManager.swift */ = {isa = PBXFileReference; lastKnownFileType = sourcecode.swift; path = RecordingManager.swift; sourceTree = "<group>"; };
		1A000014 /* OverlayWindow.swift */ = {isa = PBXFileReference; lastKnownFileType = sourcecode.swift; path = OverlayWindow.swift; sourceTree = "<group>"; };
		1A000015 /* TextInserter.swift */ = {isa = PBXFileReference; lastKnownFileType = sourcecode.swift; path = TextInserter.swift; sourceTree = "<group>"; };
		1A000016 /* SettingsView.swift */ = {isa = PBXFileReference; lastKnownFileType = sourcecode.swift; path = SettingsView.swift; sourceTree = "<group>"; };
		1A000017 /* Info.plist */ = {isa = PBXFileReference; lastKnownFileType = text.plist.xml; path = Info.plist; sourceTree = "<group>"; };
		1A000018 /* Typeless.entitlements */ = {isa = PBXFileReference; lastKnownFileType = text.plist.entitlements; path = Typeless.entitlements; sourceTree = "<group>"; };
		1A000031 /* AppIcon.icns */ = {isa = PBXFileReference; lastKnownFileType = image.icns; path = AppIcon.icns; sourceTree = "<group>"; };
		1A000041 /* SherpaOnnxRecognizer.swift */ = {isa = PBXFileReference; lastKnownFileType = sourcecode.swift; path = SherpaOnnxRecognizer.swift; sourceTree = "<group>"; };
		1A000043 /* SherpaOnnxManager.swift */ = {isa = PBXFileReference; lastKnownFileType = sourcecode.swift; path = SherpaOnnxManager.swift; sourceTree = "<group>"; };
		1A000045 /* SherpaOnnxVAD.swift */ = {isa = PBXFileReference; lastKnownFileType = sourcecode.swift; path = SherpaOnnxVAD.swift; sourceTree = "<group>"; };
		1A000047 /* SherpaOnnxOnlineRecognizer.swift */ = {isa = PBXFileReference; lastKnownFileType = sourcecode.swift; path = SherpaOnnxOnlineRecognizer.swift; sourceTree = "<group>"; };
		1A000051 /* libsherpa-onnx-c-api.dylib */ = {isa = PBXFileReference; lastKnownFileType = "compiled.mach-o.dylib"; name = "libsherpa-onnx-c-api.dylib"; path = "Frameworks/sherpa-onnx/lib/libsherpa-onnx-c-api.dylib"; sourceTree = "<group>"; };
		1A000053 /* libonnxruntime.1.17.1.dylib */ = {isa = PBXFileReference; lastKnownFileType = "compiled.mach-o.dylib"; name = "libonnxruntime.1.17.1.dylib"; path = "Frameworks/sherpa-onnx/lib/libonnxruntime.1.17.1.dylib"; sourceTree = "<group>"; };
		1A000060 /* CSherpaOnnx-Bridging-Header.h */ = {isa = PBXFileReference; lastKnownFileType = sourcecode.c.h; path = "CSherpaOnnx-Bridging-Header.h"; sourceTree = "<group>"; };
		1A000070 /* OnboardingOverlay.swift */ = {isa = PBXFileReference; lastKnownFileType = sourcecode.swift; path = OnboardingOverlay.swift; sourceTree = "<group>"; };
/* End PBXFileReference section */

/* Begin PBXFrameworksBuildPhase section */
		1A00000D /* Frameworks */ = {
			isa = PBXFrameworksBuildPhase;
			buildActionMask = 2147483647;
			files = (
				1A000020 /* WhisperKit in Frameworks */,
				1A000050 /* libsherpa-onnx-c-api.dylib in Frameworks */,
				1A000052 /* libonnxruntime.1.17.1.dylib in Frameworks */,
			);
			runOnlyForDeploymentPostprocessing = 0;
		};
/* End PBXFrameworksBuildPhase section */

/* Begin PBXCopyFilesBuildPhase section */
		1A000056 /* CopyFiles */ = {
			isa = PBXCopyFilesBuildPhase;
			buildActionMask = 2147483647;
			dstPath = "";
			dstSubfolderSpec = 10;
			files = (
				1A000054 /* libsherpa-onnx-c-api.dylib in CopyFiles */,
				1A000055 /* libonnxruntime.1.17.1.dylib in CopyFiles */,
			);
			runOnlyForDeploymentPostprocessing = 0;
		};
/* End PBXCopyFilesBuildPhase section */

/* Begin PBXResourcesBuildPhase section */
		1A000032 /* Resources */ = {
			isa = PBXResourcesBuildPhase;
			buildActionMask = 2147483647;
			files = (
				1A000030 /* AppIcon.icns in Resources */,
			);
			runOnlyForDeploymentPostprocessing = 0;
		};
/* End PBXResourcesBuildPhase section */

/* Begin PBXGroup section */
		1A000007 = {
			isa = PBXGroup;
			children = (
				1A000057 /* Frameworks */,
				1A000019 /* Sources */,
				1A00000F /* Products */,
			);
			sourceTree = "<group>";
		};
		1A00000F /* Products */ = {
			isa = PBXGroup;
			children = (
				1A000010 /* Typeless.app */,
			);
			name = Products;
			sourceTree = "<group>";
		};
		1A000019 /* Sources */ = {
			isa = PBXGroup;
			children = (
				1A000011 /* TypelessApp.swift */,
				1A000012 /* KeyMonitor.swift */,
				1A000013 /* RecordingManager.swift */,
				1A000014 /* OverlayWindow.swift */,
				1A000070 /* OnboardingOverlay.swift */,
				1A000015 /* TextInserter.swift */,
				1A000016 /* SettingsView.swift */,
				1A000041 /* SherpaOnnxRecognizer.swift */,
				1A000047 /* SherpaOnnxOnlineRecognizer.swift */,
				1A000043 /* SherpaOnnxManager.swift */,
				1A000045 /* SherpaOnnxVAD.swift */,
				1A000060 /* CSherpaOnnx-Bridging-Header.h */,
				1A000017 /* Info.plist */,
				1A000018 /* Typeless.entitlements */,
				1A000031 /* AppIcon.icns */,
			);
			path = Sources;
			sourceTree = "<group>";
		};
		1A000057 /* Frameworks */ = {
			isa = PBXGroup;
			children = (
				1A000051 /* libsherpa-onnx-c-api.dylib */,
				1A000053 /* libonnxruntime.1.17.1.dylib */,
			);
			name = Frameworks;
			sourceTree = "<group>";
		};
/* End PBXGroup section */

/* Begin PBXNativeTarget section */
		1A00000A /* Typeless */ = {
			isa = PBXNativeTarget;
			buildConfigurationList = 1A00001C /* Build configuration list for PBXNativeTarget "Typeless" */;
			buildPhases = (
				1A00000B /* Sources */,
				1A00000D /* Frameworks */,
				1A000032 /* Resources */,
				1A000056 /* CopyFiles */,
			);
			buildRules = (
			);
			dependencies = (
			);
			name = Typeless;
			packageProductDependencies = (
				1A00001F /* WhisperKit */,
			);
			productName = Typeless;
			productReference = 1A000010 /* Typeless.app */;
			productType = "com.apple.product-type.application";
		};
/* End PBXNativeTarget section */

/* Begin PBXProject section */
		1A000008 /* Project object */ = {
			isa = PBXProject;
			attributes = {
				BuildIndependentTargetsInParallel = 1;
				LastSwiftUpdateCheck = 1500;
				LastUpgradeCheck = 1500;
				TargetAttributes = {
					1A00000A = {
						CreatedOnToolsVersion = 15.0;
					};
				};
			};
			buildConfigurationList = 1A00001B /* Build configuration list for PBXProject "Typeless" */;
			compatibilityVersion = "Xcode 14.0";
			developmentRegion = en;
			hasScannedForEncodings = 0;
			knownRegions = (
				en,
				Base,
			);
			mainGroup = 1A000007;
			packageReferences = (
				1A00001E /* XCRemoteSwiftPackageReference "WhisperKit" */,
			);
			productRefGroup = 1A00000F /* Products */;
			projectDirPath = "";
			projectRoot = "";
			targets = (
				1A00000A /* Typeless */,
			);
		};
/* End PBXProject section */

/* Begin PBXSourcesBuildPhase section */
		1A00000B /* Sources */ = {
			isa = PBXSourcesBuildPhase;
			buildActionMask = 2147483647;
			files = (
				1A000001 /* TypelessApp.swift in Sources */,
				1A000002 /* KeyMonitor.swift in Sources */,
				1A000003 /* RecordingManager.swift in Sources */,
				1A000004 /* OverlayWindow.swift in Sources */,
				1A000071 /* OnboardingOverlay.swift in Sources */,
				1A000005 /* TextInserter.swift in Sources */,
				1A000006 /* SettingsView.swift in Sources */,
				1A000040 /* SherpaOnnxRecognizer.swift in Sources */,
				1A000046 /* SherpaOnnxOnlineRecognizer.swift in Sources */,
				1A000042 /* SherpaOnnxManager.swift in Sources */,
				1A000044 /* SherpaOnnxVAD.swift in Sources */,
			);
			runOnlyForDeploymentPostprocessing = 0;
		};
/* End PBXSourcesBuildPhase section */

/* Begin XCBuildConfiguration section */
		1A000021 /* Debug */ = {
			isa = XCBuildConfiguration;
			buildSettings = {
				ALWAYS_SEARCH_USER_PATHS = NO;
				ASSETCATALOG_COMPILER_GENERATE_SWIFT_ASSET_SYMBOL_EXTENSIONS = YES;
				CLANG_ANALYZER_NONNULL = YES;
				CLANG_ANALYZER_NUMBER_OBJECT_CONVERSION = YES_AGGRESSIVE;
				CLANG_CXX_LANGUAGE_STANDARD = "gnu++20";
				CLANG_ENABLE_MODULES = YES;
				CLANG_ENABLE_OBJC_ARC = YES;
				CLANG_ENABLE_OBJC_WEAK = YES;
				CLANG_WARN_BLOCK_CAPTURE_AUTORELEASING = YES;
				CLANG_WARN_BOOL_CONVERSION = YES;
				CLANG_WARN_COMMA = YES;
				CLANG_WARN_CONSTANT_CONVERSION = YES;
				CLANG_WARN_DEPRECATED_OBJC_IMPLEMENTATIONS = YES;
				CLANG_WARN_DIRECT_OBJC_ISA_USAGE = YES_ERROR;
				CLANG_WARN_DOCUMENTATION_COMMENTS = YES;
				CLANG_WARN_EMPTY_BODY = YES;
				CLANG_WARN_ENUM_CONVERSION = YES;
				CLANG_WARN_INFINITE_RECURSION = YES;
				CLANG_WARN_INT_CONVERSION = YES;
				CLANG_WARN_NON_LITERAL_NULL_CONVERSION = YES;
				CLANG_WARN_OBJC_IMPLICIT_RETAIN_SELF = YES;
				CLANG_WARN_OBJC_LITERAL_CONVERSION = YES;
				CLANG_WARN_OBJC_ROOT_CLASS = YES_ERROR;
				CLANG_WARN_QUOTED_INCLUDE_IN_FRAMEWORK_HEADER = YES;
				CLANG_WARN_RANGE_LOOP_ANALYSIS = YES;
				CLANG_WARN_STRICT_PROTOTYPES = YES;
				CLANG_WARN_SUSPICIOUS_MOVE = YES;
				CLANG_WARN_UNGUARDED_AVAILABILITY = YES_AGGRESSIVE;
				CLANG_WARN_UNREACHABLE_CODE = YES;
				CLANG_WARN__DUPLICATE_METHOD_MATCH = YES;
				COPY_PHASE_STRIP = NO;
				DEBUG_INFORMATION_FORMAT = dwarf;
				ENABLE_STRICT_OBJC_MSGSEND = YES;
				ENABLE_TESTABILITY = YES;
				ENABLE_USER_SCRIPT_SANDBOXING = YES;
				GCC_C_LANGUAGE_STANDARD = gnu17;
				GCC_DYNAMIC_NO_PIC = NO;
				GCC_NO_COMMON_BLOCKS = YES;
				GCC_OPTIMIZATION_LEVEL = 0;
				GCC_PREPROCESSOR_DEFINITIONS = (
					"DEBUG=1",
					"$(inherited)",
				);
				GCC_WARN_64_TO_32_BIT_CONVERSION = YES;
				GCC_WARN_ABOUT_RETURN_TYPE = YES_ERROR;
				GCC_WARN_UNDECLARED_SELECTOR = YES;
				GCC_WARN_UNINITIALIZED_AUTOS = YES_AGGRESSIVE;
				GCC_WARN_UNUSED_FUNCTION = YES;
				GCC_WARN_UNUSED_VARIABLE = YES;
				LOCALIZATION_PREFERS_STRING_CATALOGS = YES;
				MACOSX_DEPLOYMENT_TARGET = 14.0;
				MTL_ENABLE_DEBUG_INFO = INCLUDE_SOURCE;
				MTL_FAST_MATH = YES;
				ONLY_ACTIVE_ARCH = YES;
				SDKROOT = macosx;
				SWIFT_ACTIVE_COMPILATION_CONDITIONS = "DEBUG $(inherited)";
				SWIFT_OPTIMIZATION_LEVEL = "-Onone";
			};
			name = Debug;
		};
		1A000022 /* Release */ = {
			isa = XCBuildConfiguration;
			buildSettings = {
				ALWAYS_SEARCH_USER_PATHS = NO;
				ASSETCATALOG_COMPILER_GENERATE_SWIFT_ASSET_SYMBOL_EXTENSIONS = YES;
				CLANG_ANALYZER_NONNULL = YES;
				CLANG_ANALYZER_NUMBER_OBJECT_CONVERSION = YES_AGGRESSIVE;
				CLANG_CXX_LANGUAGE_STANDARD = "gnu++20";
				CLANG_ENABLE_MODULES = YES;
				CLANG_ENABLE_OBJC_ARC = YES;
				CLANG_ENABLE_OBJC_WEAK = YES;
				CLANG_WARN_BLOCK_CAPTURE_AUTORELEASING = YES;
				CLANG_WARN_BOOL_CONVERSION = YES;
				CLANG_WARN_COMMA = YES;
				CLANG_WARN_CONSTANT_CONVERSION = YES;
				CLANG_WARN_DEPRECATED_OBJC_IMPLEMENTATIONS = YES;
				CLANG_WARN_DIRECT_OBJC_ISA_USAGE = YES_ERROR;
				CLANG_WARN_DOCUMENTATION_COMMENTS = YES;
				CLANG_WARN_EMPTY_BODY = YES;
				CLANG_WARN_ENUM_CONVERSION = YES;
				CLANG_WARN_INFINITE_RECURSION = YES;
				CLANG_WARN_INT_CONVERSION = YES;
				CLANG_WARN_NON_LITERAL_NULL_CONVERSION = YES;
				CLANG_WARN_OBJC_IMPLICIT_RETAIN_SELF = YES;
				CLANG_WARN_OBJC_LITERAL_CONVERSION = YES;
				CLANG_WARN_OBJC_ROOT_CLASS = YES_ERROR;
				CLANG_WARN_QUOTED_INCLUDE_IN_FRAMEWORK_HEADER = YES;
				CLANG_WARN_RANGE_LOOP_ANALYSIS = YES;
				CLANG_WARN_STRICT_PROTOTYPES = YES;
				CLANG_WARN_SUSPICIOUS_MOVE = YES;
				CLANG_WARN_UNGUARDED_AVAILABILITY = YES_AGGRESSIVE;
				CLANG_WARN_UNREACHABLE_CODE = YES;
				CLANG_WARN__DUPLICATE_METHOD_MATCH = YES;
				COPY_PHASE_STRIP = NO;
				DEBUG_INFORMATION_FORMAT = "dwarf-with-dsym";
				ENABLE_NS_ASSERTIONS = NO;
				ENABLE_STRICT_OBJC_MSGSEND = YES;
				ENABLE_USER_SCRIPT_SANDBOXING = YES;
				GCC_C_LANGUAGE_STANDARD = gnu17;
				GCC_NO_COMMON_BLOCKS = YES;
				GCC_WARN_64_TO_32_BIT_CONVERSION = YES;
				GCC_WARN_ABOUT_RETURN_TYPE = YES_ERROR;
				GCC_WARN_UNDECLARED_SELECTOR = YES;
				GCC_WARN_UNINITIALIZED_AUTOS = YES_AGGRESSIVE;
				GCC_WARN_UNUSED_FUNCTION = YES;
				GCC_WARN_UNUSED_VARIABLE = YES;
				LOCALIZATION_PREFERS_STRING_CATALOGS = YES;
				MACOSX_DEPLOYMENT_TARGET = 14.0;
				MTL_ENABLE_DEBUG_INFO = NO;
				MTL_FAST_MATH = YES;
				SDKROOT = macosx;
				SWIFT_COMPILATION_MODE = wholemodule;
			};
			name = Release;
		};
		1A000023 /* Debug */ = {
			isa = XCBuildConfiguration;
			buildSettings = {
				CODE_SIGN_ENTITLEMENTS = Sources/Typeless.entitlements;
				CODE_SIGN_STYLE = Automatic;
				COMBINE_HIDPI_IMAGES = YES;
				CURRENT_PROJECT_VERSION = 1;
				DEVELOPMENT_TEAM = "";
				ENABLE_HARDENED_RUNTIME = YES;
				GENERATE_INFOPLIST_FILE = NO;
				HEADER_SEARCH_PATHS = (
					"$(inherited)",
					"$(SRCROOT)/Sources/CSherpaOnnx",
					"$(SRCROOT)/Frameworks/sherpa-onnx/include",
				);
				INFOPLIST_FILE = Sources/Info.plist;
				INFOPLIST_KEY_LSApplicationCategoryType = "public.app-category.productivity";
				INFOPLIST_KEY_NSHumanReadableCopyright = "";
				INFOPLIST_KEY_NSMicrophoneUsageDescription = "Nano Typeless 需要使用麦克风来录制您的语音并转换为文字";
				LD_RUNPATH_SEARCH_PATHS = (
					"$(inherited)",
					"@executable_path/../Frameworks",
				);
				LIBRARY_SEARCH_PATHS = (
					"$(inherited)",
					"$(SRCROOT)/Frameworks/sherpa-onnx/lib",
				);
				MARKETING_VERSION = 1.2.9;
				PRODUCT_BUNDLE_IDENTIFIER = com.typeless.app;
				PRODUCT_NAME = "Nano Typeless";
				SWIFT_EMIT_LOC_STRINGS = YES;
				SWIFT_OBJC_BRIDGING_HEADER = "Sources/CSherpaOnnx-Bridging-Header.h";
				SWIFT_VERSION = 5.0;
			};
			name = Debug;
		};
		1A000024 /* Release */ = {
			isa = XCBuildConfiguration;
			buildSettings = {
				CODE_SIGN_ENTITLEMENTS = Sources/Typeless.entitlements;
				CODE_SIGN_STYLE = Automatic;
				COMBINE_HIDPI_IMAGES = YES;
				CURRENT_PROJECT_VERSION = 1;
				DEVELOPMENT_TEAM = "";
				ENABLE_HARDENED_RUNTIME = YES;
				GENERATE_INFOPLIST_FILE = NO;
				HEADER_SEARCH_PATHS = (
					"$(inherited)",
					"$(SRCROOT)/Sources/CSherpaOnnx",
					"$(SRCROOT)/Frameworks/sherpa-onnx/include",
				);
				INFOPLIST_FILE = Sources/Info.plist;
				INFOPLIST_KEY_LSApplicationCategoryType = "public.app-category.productivity";
				INFOPLIST_KEY_NSHumanReadableCopyright = "";
				INFOPLIST_KEY_NSMicrophoneUsageDescription = "Nano Typeless 需要使用麦克风来录制您的语音并转换为文字";
				LD_RUNPATH_SEARCH_PATHS = (
					"$(inherited)",
					"@executable_path/../Frameworks",
				);
				LIBRARY_SEARCH_PATHS = (
					"$(inherited)",
					"$(SRCROOT)/Frameworks/sherpa-onnx/lib",
				);
				MARKETING_VERSION = 1.2.9;
				PRODUCT_BUNDLE_IDENTIFIER = com.typeless.app;
				PRODUCT_NAME = "Nano Typeless";
				SWIFT_EMIT_LOC_STRINGS = YES;
				SWIFT_OBJC_BRIDGING_HEADER = "Sources/CSherpaOnnx-Bridging-Header.h";
				SWIFT_VERSION = 5.0;
			};
			name = Release;
		};
/* End XCBuildConfiguration section */

/* Begin XCConfigurationList section */
		1A00001B /* Build configuration list for PBXProject "Typeless" */ = {
			isa = XCConfigurationList;
			buildConfigurations = (
				1A000021 /* Debug */,
				1A000022 /* Release */,
			);
			defaultConfigurationIsVisible = 0;
			defaultConfigurationName = Release;
		};
		1A00001C /* Build configuration list for PBXNativeTarget "Typeless" */ = {
			isa = XCConfigurationList;
			buildConfigurations = (
				1A000023 /* Debug */,
				1A000024 /* Release */,
			);
			defaultConfigurationIsVisible = 0;
			defaultConfigurationName = Release;
		};
/* End XCConfigurationList section */

/* Begin XCRemoteSwiftPackageReference section */
		1A00001E /* XCRemoteSwiftPackageReference "WhisperKit" */ = {
			isa = XCRemoteSwiftPackageReference;
			repositoryURL = "https://github.com/argmaxinc/WhisperKit.git";
			requirement = {
				kind = upToNextMajorVersion;
				minimumVersion = 0.9.0;
			};
		};
/* End XCRemoteSwiftPackageReference section */

/* Begin XCSwiftPackageProductDependency section */
		1A00001F /* WhisperKit */ = {
			isa = XCSwiftPackageProductDependency;
			package = 1A00001E /* XCRemoteSwiftPackageReference "WhisperKit" */;
			productName = WhisperKit;
		};
/* End XCSwiftPackageProductDependency section */
	};
	rootObject = 1A000008 /* Project object */;
}
